{
  "requires": true,
  "lockfileVersion": 1,
  "dependencies": {
    "echarts": {
      "version": "4.2.0-rc.2",
      "resolved": "https://registry.npmjs.org/echarts/-/echarts-4.2.0-rc.2.tgz",
      "integrity": "sha512-5Y4Kyi4eNsRM9Cnl7Q8C6PFVjznBJv1VIiMm/VSQ9zyqeo+ce1695GqUd9v4zfVx+Ow1gnwMJX67h0FNvarScw==",
      "requires": {
        "zrender": "4.0.5"
      }
    },
    "vue": {
      "version": "2.5.17",
      "resolved": "https://registry.npmjs.org/vue/-/vue-2.5.17.tgz",
      "integrity": "sha512-mFbcWoDIJi0w0Za4emyLiW72Jae0yjANHbCVquMKijcavBGypqlF7zHRgMa5k4sesdv7hv2rB4JPdZfR+TPfhQ=="
    },
    "zrender": {
      "version": "4.0.5",
      "resolved": "https://registry.npmjs.org/zrender/-/zrender-4.0.5.tgz",
      "integrity": "sha512-SintgipGEJPT9Sz2ABRoE4ZD7Yzy7oR7j7KP6H+C9FlbHWnLUfGVK7E8UV27pGwlxAMB0EsnrqhXx5XjAfv/KA=="
    }
  }
}
